
Microsoft Visual Studio Solution File, Format Version 12.00
# Visual Studio Version 17
VisualStudioVersion = 17.0.31903.59
MinimumVisualStudioVersion = 10.0.40219.1
Project("{FAE04EC0-301F-11D3-BF4B-00C04F79EFBC}") = "QT4", "QT4\QT4.csproj", "{AF0FCF1E-E946-4B21-A78B-666D92223C8D}"
EndProject
Project("{FAE04EC0-301F-11D3-BF4B-00C04F79EFBC}") = "QT5", "QT5\QT5.csproj", "{1F35D55F-0039-45D9-B4E3-F98A37D03070}"
EndProject
Global
	GlobalSection(SolutionConfigurationPlatforms) = preSolution
		Debug|Any CPU = Debug|Any CPU
		Release|Any CPU = Release|Any CPU
	EndGlobalSection
	GlobalSection(SolutionProperties) = preSolution
		HideSolutionNode = FALSE
	EndGlobalSection
	GlobalSection(ProjectConfigurationPlatforms) = postSolution
		{AF0FCF1E-E946-4B21-A78B-666D92223C8D}.Debug|Any CPU.ActiveCfg = Debug|Any CPU
		{AF0FCF1E-E946-4B21-A78B-666D92223C8D}.Debug|Any CPU.Build.0 = Debug|Any CPU
		{AF0FCF1E-E946-4B21-A78B-666D92223C8D}.Release|Any CPU.ActiveCfg = Release|Any CPU
		{AF0FCF1E-E946-4B21-A78B-666D92223C8D}.Release|Any CPU.Build.0 = Release|Any CPU
		{1F35D55F-0039-45D9-B4E3-F98A37D03070}.Debug|Any CPU.ActiveCfg = Debug|Any CPU
		{1F35D55F-0039-45D9-B4E3-F98A37D03070}.Debug|Any CPU.Build.0 = Debug|Any CPU
		{1F35D55F-0039-45D9-B4E3-F98A37D03070}.Release|Any CPU.ActiveCfg = Release|Any CPU
		{1F35D55F-0039-45D9-B4E3-F98A37D03070}.Release|Any CPU.Build.0 = Release|Any CPU
	EndGlobalSection
EndGlobal
